
Microsoft Visual Studio Solution File, Format Version 12.00
# Visual Studio Version 16
VisualStudioVersion = 16.0.28516.95
MinimumVisualStudioVersion = 10.0.40219.1
Project("{FAE04EC0-301F-11D3-BF4B-00C04F79EFBC}") = "Forms", "Forms\Forms.csproj", "{85F078EE-F298-4321-99F3-BE430ED11C51}"
EndProject
Project("{FAE04EC0-301F-11D3-BF4B-00C04F79EFBC}") = "Android", "Android\Android.csproj", "{F1B44AE7-9750-498D-95F1-EC1B7ADC518E}"
EndProject
Project("{FAE04EC0-301F-11D3-BF4B-00C04F79EFBC}") = "iOS", "iOS\iOS.csproj", "{917D7FEF-F85D-4363-8919-E99885703CAF}"
EndProject
Project("{FAE04EC0-301F-11D3-BF4B-00C04F79EFBC}") = "UWP", "UWP\UWP.csproj", "{8875484A-46B1-4CD5-8A5C-46AA0EB298DB}"
EndProject
Global
	GlobalSection(SolutionConfigurationPlatforms) = preSolution
		Debug|Any CPU = Debug|Any CPU
		Debug|ARM = Debug|ARM
		Debug|ARM64 = Debug|ARM64
		Debug|x64 = Debug|x64
		Debug|x86 = Debug|x86
		Release|Any CPU = Release|Any CPU
		Release|ARM = Release|ARM
		Release|ARM64 = Release|ARM64
		Release|x64 = Release|x64
		Release|x86 = Release|x86
	EndGlobalSection
	GlobalSection(ProjectConfigurationPlatforms) = postSolution
		{85F078EE-F298-4321-99F3-BE430ED11C51}.Debug|Any CPU.ActiveCfg = Debug|Any CPU
		{85F078EE-F298-4321-99F3-BE430ED11C51}.Debug|Any CPU.Build.0 = Debug|Any CPU
		{85F078EE-F298-4321-99F3-BE430ED11C51}.Debug|ARM.ActiveCfg = Debug|Any CPU
		{85F078EE-F298-4321-99F3-BE430ED11C51}.Debug|ARM.Build.0 = Debug|Any CPU
		{85F078EE-F298-4321-99F3-BE430ED11C51}.Debug|ARM64.ActiveCfg = Debug|Any CPU
		{85F078EE-F298-4321-99F3-BE430ED11C51}.Debug|ARM64.Build.0 = Debug|Any CPU
		{85F078EE-F298-4321-99F3-BE430ED11C51}.Debug|x64.ActiveCfg = Debug|Any CPU
		{85F078EE-F298-4321-99F3-BE430ED11C51}.Debug|x64.Build.0 = Debug|Any CPU
		{85F078EE-F298-4321-99F3-BE430ED11C51}.Debug|x86.ActiveCfg = Debug|Any CPU
		{85F078EE-F298-4321-99F3-BE430ED11C51}.Debug|x86.Build.0 = Debug|Any CPU
		{85F078EE-F298-4321-99F3-BE430ED11C51}.Release|Any CPU.ActiveCfg = Release|Any CPU
		{85F078EE-F298-4321-99F3-BE430ED11C51}.Release|Any CPU.Build.0 = Release|Any CPU
		{85F078EE-F298-4321-99F3-BE430ED11C51}.Release|ARM.ActiveCfg = Release|Any CPU
		{85F078EE-F298-4321-99F3-BE430ED11C51}.Release|ARM.Build.0 = Release|Any CPU
		{85F078EE-F298-4321-99F3-BE430ED11C51}.Release|ARM64.ActiveCfg = Release|Any CPU
		{85F078EE-F298-4321-99F3-BE430ED11C51}.Release|ARM64.Build.0 = Release|Any CPU
		{85F078EE-F298-4321-99F3-BE430ED11C51}.Release|x64.ActiveCfg = Release|Any CPU
		{85F078EE-F298-4321-99F3-BE430ED11C51}.Release|x64.Build.0 = Release|Any CPU
		{85F078EE-F298-4321-99F3-BE430ED11C51}.Release|x86.ActiveCfg = Release|Any CPU
		{85F078EE-F298-4321-99F3-BE430ED11C51}.Release|x86.Build.0 = Release|Any CPU
		{F1B44AE7-9750-498D-95F1-EC1B7ADC518E}.Debug|Any CPU.ActiveCfg = Debug|Any CPU
		{F1B44AE7-9750-498D-95F1-EC1B7ADC518E}.Debug|Any CPU.Build.0 = Debug|Any CPU
		{F1B44AE7-9750-498D-95F1-EC1B7ADC518E}.Debug|ARM.ActiveCfg = Debug|Any CPU
		{F1B44AE7-9750-498D-95F1-EC1B7ADC518E}.Debug|ARM.Build.0 = Debug|Any CPU
		{F1B44AE7-9750-498D-95F1-EC1B7ADC518E}.Debug|ARM64.ActiveCfg = Debug|Any CPU
		{F1B44AE7-9750-498D-95F1-EC1B7ADC518E}.Debug|ARM64.Build.0 = Debug|Any CPU
		{F1B44AE7-9750-498D-95F1-EC1B7ADC518E}.Debug|x64.ActiveCfg = Debug|Any CPU
		{F1B44AE7-9750-498D-95F1-EC1B7ADC518E}.Debug|x64.Build.0 = Debug|Any CPU
		{F1B44AE7-9750-498D-95F1-EC1B7ADC518E}.Debug|x86.ActiveCfg = Debug|Any CPU
		{F1B44AE7-9750-498D-95F1-EC1B7ADC518E}.Debug|x86.Build.0 = Debug|Any CPU
		{F1B44AE7-9750-498D-95F1-EC1B7ADC518E}.Release|Any CPU.ActiveCfg = Release|Any CPU
		{F1B44AE7-9750-498D-95F1-EC1B7ADC518E}.Release|Any CPU.Build.0 = Release|Any CPU
		{F1B44AE7-9750-498D-95F1-EC1B7ADC518E}.Release|ARM.ActiveCfg = Release|Any CPU
		{F1B44AE7-9750-498D-95F1-EC1B7ADC518E}.Release|ARM.Build.0 = Release|Any CPU
		{F1B44AE7-9750-498D-95F1-EC1B7ADC518E}.Release|ARM64.ActiveCfg = Release|Any CPU
		{F1B44AE7-9750-498D-95F1-EC1B7ADC518E}.Release|ARM64.Build.0 = Release|Any CPU
		{F1B44AE7-9750-498D-95F1-EC1B7ADC518E}.Release|x64.ActiveCfg = Release|Any CPU
		{F1B44AE7-9750-498D-95F1-EC1B7ADC518E}.Release|x64.Build.0 = Release|Any CPU
		{F1B44AE7-9750-498D-95F1-EC1B7ADC518E}.Release|x86.ActiveCfg = Release|Any CPU
		{F1B44AE7-9750-498D-95F1-EC1B7ADC518E}.Release|x86.Build.0 = Release|Any CPU
		{917D7FEF-F85D-4363-8919-E99885703CAF}.Debug|Any CPU.ActiveCfg = Debug|Any CPU
		{917D7FEF-F85D-4363-8919-E99885703CAF}.Debug|Any CPU.Build.0 = Debug|Any CPU
		{917D7FEF-F85D-4363-8919-E99885703CAF}.Debug|ARM.ActiveCfg = Debug|Any CPU
		{917D7FEF-F85D-4363-8919-E99885703CAF}.Debug|ARM.Build.0 = Debug|Any CPU
		{917D7FEF-F85D-4363-8919-E99885703CAF}.Debug|ARM64.ActiveCfg = Debug|Any CPU
		{917D7FEF-F85D-4363-8919-E99885703CAF}.Debug|ARM64.Build.0 = Debug|Any CPU
		{917D7FEF-F85D-4363-8919-E99885703CAF}.Debug|x64.ActiveCfg = Debug|Any CPU
		{917D7FEF-F85D-4363-8919-E99885703CAF}.Debug|x64.Build.0 = Debug|Any CPU
		{917D7FEF-F85D-4363-8919-E99885703CAF}.Debug|x86.ActiveCfg = Debug|Any CPU
		{917D7FEF-F85D-4363-8919-E99885703CAF}.Debug|x86.Build.0 = Debug|Any CPU
		{917D7FEF-F85D-4363-8919-E99885703CAF}.Release|Any CPU.ActiveCfg = Release|Any CPU
		{917D7FEF-F85D-4363-8919-E99885703CAF}.Release|Any CPU.Build.0 = Release|Any CPU
		{917D7FEF-F85D-4363-8919-E99885703CAF}.Release|ARM.ActiveCfg = Release|Any CPU
		{917D7FEF-F85D-4363-8919-E99885703CAF}.Release|ARM.Build.0 = Release|Any CPU
		{917D7FEF-F85D-4363-8919-E99885703CAF}.Release|ARM64.ActiveCfg = Release|Any CPU
		{917D7FEF-F85D-4363-8919-E99885703CAF}.Release|ARM64.Build.0 = Release|Any CPU
		{917D7FEF-F85D-4363-8919-E99885703CAF}.Release|x64.ActiveCfg = Release|Any CPU
		{917D7FEF-F85D-4363-8919-E99885703CAF}.Release|x64.Build.0 = Release|Any CPU
		{917D7FEF-F85D-4363-8919-E99885703CAF}.Release|x86.ActiveCfg = Release|Any CPU
		{917D7FEF-F85D-4363-8919-E99885703CAF}.Release|x86.Build.0 = Release|Any CPU
		{8875484A-46B1-4CD5-8A5C-46AA0EB298DB}.Debug|Any CPU.ActiveCfg = Debug|Any CPU
		{8875484A-46B1-4CD5-8A5C-46AA0EB298DB}.Debug|Any CPU.Build.0 = Debug|Any CPU
		{8875484A-46B1-4CD5-8A5C-46AA0EB298DB}.Debug|ARM.ActiveCfg = Debug|ARM
		{8875484A-46B1-4CD5-8A5C-46AA0EB298DB}.Debug|ARM.Build.0 = Debug|ARM
		{8875484A-46B1-4CD5-8A5C-46AA0EB298DB}.Debug|ARM64.ActiveCfg = Debug|ARM64
		{8875484A-46B1-4CD5-8A5C-46AA0EB298DB}.Debug|ARM64.Build.0 = Debug|ARM64
		{8875484A-46B1-4CD5-8A5C-46AA0EB298DB}.Debug|x64.ActiveCfg = Debug|x64
		{8875484A-46B1-4CD5-8A5C-46AA0EB298DB}.Debug|x64.Build.0 = Debug|x64
		{8875484A-46B1-4CD5-8A5C-46AA0EB298DB}.Debug|x86.ActiveCfg = Debug|x86
		{8875484A-46B1-4CD5-8A5C-46AA0EB298DB}.Debug|x86.Build.0 = Debug|x86
		{8875484A-46B1-4CD5-8A5C-46AA0EB298DB}.Release|Any CPU.ActiveCfg = Release|Any CPU
		{8875484A-46B1-4CD5-8A5C-46AA0EB298DB}.Release|Any CPU.Build.0 = Release|Any CPU
		{8875484A-46B1-4CD5-8A5C-46AA0EB298DB}.Release|ARM.ActiveCfg = Release|ARM
		{8875484A-46B1-4CD5-8A5C-46AA0EB298DB}.Release|ARM.Build.0 = Release|ARM
		{8875484A-46B1-4CD5-8A5C-46AA0EB298DB}.Release|ARM64.ActiveCfg = Release|ARM64
		{8875484A-46B1-4CD5-8A5C-46AA0EB298DB}.Release|ARM64.Build.0 = Release|ARM64
		{8875484A-46B1-4CD5-8A5C-46AA0EB298DB}.Release|x64.ActiveCfg = Release|x64
		{8875484A-46B1-4CD5-8A5C-46AA0EB298DB}.Release|x64.Build.0 = Release|x64
		{8875484A-46B1-4CD5-8A5C-46AA0EB298DB}.Release|x86.ActiveCfg = Release|x86
		{8875484A-46B1-4CD5-8A5C-46AA0EB298DB}.Release|x86.Build.0 = Release|x86
	EndGlobalSection
	GlobalSection(SolutionProperties) = preSolution
		HideSolutionNode = FALSE
	EndGlobalSection
	GlobalSection(ExtensibilityGlobals) = postSolution
		SolutionGuid = {D2F22C6E-A30C-4E38-8A38-1720A30B9B97}
	EndGlobalSection
EndGlobal
